
Microsoft Visual Studio Solution File, Format Version 12.00
# Visual Studio Version 17
VisualStudioVersion = 17.4.33122.133
MinimumVisualStudioVersion = 10.0.40219.1
Project("{FAE04EC0-301F-11D3-BF4B-00C04F79EFBC}") = "OnlineBankingApplication.API", "OnlineBankingApplication.API\OnlineBankingApplication.API.csproj", "{30AD3994-04A7-4A32-BD9A-A552833C0A25}"
EndProject
Project("{FAE04EC0-301F-11D3-BF4B-00C04F79EFBC}") = "OnlineBankingApplication.Domain", "OnlineBankingApplication.Domain\OnlineBankingApplication.Domain.csproj", "{86586A5E-BBE7-4D12-B3B0-A230883E61F5}"
EndProject
Project("{FAE04EC0-301F-11D3-BF4B-00C04F79EFBC}") = "OnlineBankingApplication.Infrastructure", "OnlineBankingApplication.Infrastructure\OnlineBankingApplication.Infrastructure.csproj", "{6EE5E9FF-FC1E-4B57-8EE9-7098B5F8C92D}"
EndProject
Global
	GlobalSection(SolutionConfigurationPlatforms) = preSolution
		Debug|Any CPU = Debug|Any CPU
		Release|Any CPU = Release|Any CPU
	EndGlobalSection
	GlobalSection(ProjectConfigurationPlatforms) = postSolution
		{30AD3994-04A7-4A32-BD9A-A552833C0A25}.Debug|Any CPU.ActiveCfg = Debug|Any CPU
		{30AD3994-04A7-4A32-BD9A-A552833C0A25}.Debug|Any CPU.Build.0 = Debug|Any CPU
		{30AD3994-04A7-4A32-BD9A-A552833C0A25}.Release|Any CPU.ActiveCfg = Release|Any CPU
		{30AD3994-04A7-4A32-BD9A-A552833C0A25}.Release|Any CPU.Build.0 = Release|Any CPU
		{86586A5E-BBE7-4D12-B3B0-A230883E61F5}.Debug|Any CPU.ActiveCfg = Debug|Any CPU
		{86586A5E-BBE7-4D12-B3B0-A230883E61F5}.Debug|Any CPU.Build.0 = Debug|Any CPU
		{86586A5E-BBE7-4D12-B3B0-A230883E61F5}.Release|Any CPU.ActiveCfg = Release|Any CPU
		{86586A5E-BBE7-4D12-B3B0-A230883E61F5}.Release|Any CPU.Build.0 = Release|Any CPU
		{6EE5E9FF-FC1E-4B57-8EE9-7098B5F8C92D}.Debug|Any CPU.ActiveCfg = Debug|Any CPU
		{6EE5E9FF-FC1E-4B57-8EE9-7098B5F8C92D}.Debug|Any CPU.Build.0 = Debug|Any CPU
		{6EE5E9FF-FC1E-4B57-8EE9-7098B5F8C92D}.Release|Any CPU.ActiveCfg = Release|Any CPU
		{6EE5E9FF-FC1E-4B57-8EE9-7098B5F8C92D}.Release|Any CPU.Build.0 = Release|Any CPU
	EndGlobalSection
	GlobalSection(SolutionProperties) = preSolution
		HideSolutionNode = FALSE
	EndGlobalSection
	GlobalSection(ExtensibilityGlobals) = postSolution
		SolutionGuid = {00AE1FE3-C3AE-49E2-943F-39222E26B108}
	EndGlobalSection
EndGlobal
